// !$*UTF8*$!
{
	archiveVersion = 1;
	classes = {
	};
	objectVersion = 46;
	objects = {

/* Begin PBXBuildFile section */
		91ECBE331CF6CEE6004B105C /* main.m in Sources */ = {isa = PBXBuildFile; fileRef = 91ECBE321CF6CEE6004B105C /* main.m */; };
		91ECBE361CF6CEE6004B105C /* AppDelegate.m in Sources */ = {isa = PBXBuildFile; fileRef = 91ECBE351CF6CEE6004B105C /* AppDelegate.m */; };
		91ECBE391CF6CEE6004B105C /* ViewController.m in Sources */ = {isa = PBXBuildFile; fileRef = 91ECBE381CF6CEE6004B105C /* ViewController.m */; };
		91ECBE3C1CF6CEE6004B105C /* Main.storyboard in Resources */ = {isa = PBXBuildFile; fileRef = 91ECBE3A1CF6CEE6004B105C /* Main.storyboard */; };
		91ECBE3F1CF6CEE6004B105C /* LZCoreData.xcdatamodeld in Sources */ = {isa = PBXBuildFile; fileRef = 91ECBE3D1CF6CEE6004B105C /* LZCoreData.xcdatamodeld */; };
		91ECBE411CF6CEE6004B105C /* Assets.xcassets in Resources */ = {isa = PBXBuildFile; fileRef = 91ECBE401CF6CEE6004B105C /* Assets.xcassets */; };
		91ECBE441CF6CEE6004B105C /* LaunchScreen.storyboard in Resources */ = {isa = PBXBuildFile; fileRef = 91ECBE421CF6CEE6004B105C /* LaunchScreen.storyboard */; };
		91ECBE4F1CF6CEE6004B105C /* LZCoreDataTests.m in Sources */ = {isa = PBXBuildFile; fileRef = 91ECBE4E1CF6CEE6004B105C /* LZCoreDataTests.m */; };
		91ECBE5A1CF6CEE6004B105C /* LZCoreDataUITests.m in Sources */ = {isa = PBXBuildFile; fileRef = 91ECBE591CF6CEE6004B105C /* LZCoreDataUITests.m */; };
		91ECBE721CF6E36E004B105C /* PeopleEntity+CoreDataProperties.m in Sources */ = {isa = PBXBuildFile; fileRef = 91ECBE6B1CF6E36E004B105C /* PeopleEntity+CoreDataProperties.m */; };
		91ECBE731CF6E36E004B105C /* PeopleEntity.m in Sources */ = {isa = PBXBuildFile; fileRef = 91ECBE6D1CF6E36E004B105C /* PeopleEntity.m */; };
		91ECBE741CF6E36E004B105C /* ManEntity+CoreDataProperties.m in Sources */ = {isa = PBXBuildFile; fileRef = 91ECBE6F1CF6E36E004B105C /* ManEntity+CoreDataProperties.m */; };
		91ECBE751CF6E36E004B105C /* ManEntity.m in Sources */ = {isa = PBXBuildFile; fileRef = 91ECBE711CF6E36E004B105C /* ManEntity.m */; };
/* End PBXBuildFile section */

/* Begin PBXContainerItemProxy section */
		91ECBE4B1CF6CEE6004B105C /* PBXContainerItemProxy */ = {
			isa = PBXContainerItemProxy;
			containerPortal = 91ECBE261CF6CEE6004B105C /* Project object */;
			proxyType = 1;
			remoteGlobalIDString = 91ECBE2D1CF6CEE6004B105C;
			remoteInfo = LZCoreData;
		};
		91ECBE561CF6CEE6004B105C /* PBXContainerItemProxy */ = {
			isa = PBXContainerItemProxy;
			containerPortal = 91ECBE261CF6CEE6004B105C /* Project object */;
			proxyType = 1;
			remoteGlobalIDString = 91ECBE2D1CF6CEE6004B105C;
			remoteInfo = LZCoreData;
		};
/* End PBXContainerItemProxy section */

/* Begin PBXFileReference section */
		91ECBE2E1CF6CEE6004B105C /* LZCoreData.app */ = {isa = PBXFileReference; explicitFileType = wrapper.application; includeInIndex = 0; path = LZCoreData.app; sourceTree = BUILT_PRODUCTS_DIR; };
		91ECBE321CF6CEE6004B105C /* main.m */ = {isa = PBXFileReference; lastKnownFileType = sourcecode.c.objc; path = main.m; sourceTree = "<group>"; };
		91ECBE341CF6CEE6004B105C /* AppDelegate.h */ = {isa = PBXFileReference; lastKnownFileType = sourcecode.c.h; path = AppDelegate.h; sourceTree = "<group>"; };
		91ECBE351CF6CEE6004B105C /* AppDelegate.m */ = {isa = PBXFileReference; lastKnownFileType = sourcecode.c.objc; path = AppDelegate.m; sourceTree = "<group>"; };
		91ECBE371CF6CEE6004B105C /* ViewController.h */ = {isa = PBXFileReference; lastKnownFileType = sourcecode.c.h; path = ViewController.h; sourceTree = "<group>"; };
		91ECBE381CF6CEE6004B105C /* ViewController.m */ = {isa = PBXFileReference; lastKnownFileType = sourcecode.c.objc; path = ViewController.m; sourceTree = "<group>"; };
		91ECBE3B1CF6CEE6004B105C /* Base */ = {isa = PBXFileReference; lastKnownFileType = file.storyboard; name = Base; path = Base.lproj/Main.storyboard; sourceTree = "<group>"; };
		91ECBE3E1CF6CEE6004B105C /* LZCoreData.xcdatamodel */ = {isa = PBXFileReference; lastKnownFileType = wrapper.xcdatamodel; path = LZCoreData.xcdatamodel; sourceTree = "<group>"; };
		91ECBE401CF6CEE6004B105C /* Assets.xcassets */ = {isa = PBXFileReference; lastKnownFileType = folder.assetcatalog; path = Assets.xcassets; sourceTree = "<group>"; };
		91ECBE431CF6CEE6004B105C /* Base */ = {isa = PBXFileReference; lastKnownFileType = file.storyboard; name = Base; path = Base.lproj/LaunchScreen.storyboard; sourceTree = "<group>"; };
		91ECBE451CF6CEE6004B105C /* Info.plist */ = {isa = PBXFileReference; lastKnownFileType = text.plist.xml; path = Info.plist; sourceTree = "<group>"; };
		91ECBE4A1CF6CEE6004B105C /* LZCoreDataTests.xctest */ = {isa = PBXFileReference; explicitFileType = wrapper.cfbundle; includeInIndex = 0; path = LZCoreDataTests.xctest; sourceTree = BUILT_PRODUCTS_DIR; };
		91ECBE4E1CF6CEE6004B105C /* LZCoreDataTests.m */ = {isa = PBXFileReference; lastKnownFileType = sourcecode.c.objc; path = LZCoreDataTests.m; sourceTree = "<group>"; };
		91ECBE501CF6CEE6004B105C /* Info.plist */ = {isa = PBXFileReference; lastKnownFileType = text.plist.xml; path = Info.plist; sourceTree = "<group>"; };
		91ECBE551CF6CEE6004B105C /* LZCoreDataUITests.xctest */ = {isa = PBXFileReference; explicitFileType = wrapper.cfbundle; includeInIndex = 0; path = LZCoreDataUITests.xctest; sourceTree = BUILT_PRODUCTS_DIR; };
		91ECBE591CF6CEE6004B105C /* LZCoreDataUITests.m */ = {isa = PBXFileReference; lastKnownFileType = sourcecode.c.objc; path = LZCoreDataUITests.m; sourceTree = "<group>"; };
		91ECBE5B1CF6CEE6004B105C /* Info.plist */ = {isa = PBXFileReference; lastKnownFileType = text.plist.xml; path = Info.plist; sourceTree = "<group>"; };
		91ECBE6A1CF6E36E004B105C /* PeopleEntity+CoreDataProperties.h */ = {isa = PBXFileReference; fileEncoding = 4; lastKnownFileType = sourcecode.c.h; path = "PeopleEntity+CoreDataProperties.h"; sourceTree = "<group>"; };
		91ECBE6B1CF6E36E004B105C /* PeopleEntity+CoreDataProperties.m */ = {isa = PBXFileReference; fileEncoding = 4; lastKnownFileType = sourcecode.c.objc; path = "PeopleEntity+CoreDataProperties.m"; sourceTree = "<group>"; };
		91ECBE6C1CF6E36E004B105C /* PeopleEntity.h */ = {isa = PBXFileReference; fileEncoding = 4; lastKnownFileType = sourcecode.c.h; path = PeopleEntity.h; sourceTree = "<group>"; };
		91ECBE6D1CF6E36E004B105C /* PeopleEntity.m */ = {isa = PBXFileReference; fileEncoding = 4; lastKnownFileType = sourcecode.c.objc; path = PeopleEntity.m; sourceTree = "<group>"; };
		91ECBE6E1CF6E36E004B105C /* ManEntity+CoreDataProperties.h */ = {isa = PBXFileReference; fileEncoding = 4; lastKnownFileType = sourcecode.c.h; path = "ManEntity+CoreDataProperties.h"; sourceTree = "<group>"; };
		91ECBE6F1CF6E36E004B105C /* ManEntity+CoreDataProperties.m */ = {isa = PBXFileReference; fileEncoding = 4; lastKnownFileType = sourcecode.c.objc; path = "ManEntity+CoreDataProperties.m"; sourceTree = "<group>"; };
		91ECBE701CF6E36E004B105C /* ManEntity.h */ = {isa = PBXFileReference; fileEncoding = 4; lastKnownFileType = sourcecode.c.h; path = ManEntity.h; sourceTree = "<group>"; };
		91ECBE711CF6E36E004B105C /* ManEntity.m */ = {isa = PBXFileReference; fileEncoding = 4; lastKnownFileType = sourcecode.c.objc; path = ManEntity.m; sourceTree = "<group>"; };
/* End PBXFileReference section */

/* Begin PBXFrameworksBuildPhase section */
		91ECBE2B1CF6CEE6004B105C /* Frameworks */ = {
			isa = PBXFrameworksBuildPhase;
			buildActionMask = 2147483647;
			files = (
			);
			runOnlyForDeploymentPostprocessing = 0;
		};
		91ECBE471CF6CEE6004B105C /* Frameworks */ = {
			isa = PBXFrameworksBuildPhase;
			buildActionMask = 2147483647;
			files = (
			);
			runOnlyForDeploymentPostprocessing = 0;
		};
		91ECBE521CF6CEE6004B105C /* Frameworks */ = {
			isa = PBXFrameworksBuildPhase;
			buildActionMask = 2147483647;
			files = (
			);
			runOnlyForDeploymentPostprocessing = 0;
		};
/* End PBXFrameworksBuildPhase section */

/* Begin PBXGroup section */
		91ECBE251CF6CEE6004B105C = {
			isa = PBXGroup;
			children = (
				91ECBE301CF6CEE6004B105C /* LZCoreData */,
				91ECBE4D1CF6CEE6004B105C /* LZCoreDataTests */,
				91ECBE581CF6CEE6004B105C /* LZCoreDataUITests */,
				91ECBE2F1CF6CEE6004B105C /* Products */,
			);
			sourceTree = "<group>";
		};
		91ECBE2F1CF6CEE6004B105C /* Products */ = {
			isa = PBXGroup;
			children = (
				91ECBE2E1CF6CEE6004B105C /* LZCoreData.app */,
				91ECBE4A1CF6CEE6004B105C /* LZCoreDataTests.xctest */,
				91ECBE551CF6CEE6004B105C /* LZCoreDataUITests.xctest */,
			);
			name = Products;
			sourceTree = "<group>";
		};
		91ECBE301CF6CEE6004B105C /* LZCoreData */ = {
			isa = PBXGroup;
			children = (
				91ECBE341CF6CEE6004B105C /* AppDelegate.h */,
				91ECBE351CF6CEE6004B105C /* AppDelegate.m */,
				91ECBE371CF6CEE6004B105C /* ViewController.h */,
				91ECBE381CF6CEE6004B105C /* ViewController.m */,
				91ECBE3A1CF6CEE6004B105C /* Main.storyboard */,
				91ECBE401CF6CEE6004B105C /* Assets.xcassets */,
				91ECBE421CF6CEE6004B105C /* LaunchScreen.storyboard */,
				91ECBE451CF6CEE6004B105C /* Info.plist */,
				91ECBE3D1CF6CEE6004B105C /* LZCoreData.xcdatamodeld */,
				91ECBE6A1CF6E36E004B105C /* PeopleEntity+CoreDataProperties.h */,
				91ECBE6B1CF6E36E004B105C /* PeopleEntity+CoreDataProperties.m */,
				91ECBE6C1CF6E36E004B105C /* PeopleEntity.h */,
				91ECBE6D1CF6E36E004B105C /* PeopleEntity.m */,
				91ECBE6E1CF6E36E004B105C /* ManEntity+CoreDataProperties.h */,
				91ECBE6F1CF6E36E004B105C /* ManEntity+CoreDataProperties.m */,
				91ECBE701CF6E36E004B105C /* ManEntity.h */,
				91ECBE711CF6E36E004B105C /* ManEntity.m */,
				91ECBE311CF6CEE6004B105C /* Supporting Files */,
			);
			path = LZCoreData;
			sourceTree = "<group>";
		};
		91ECBE311CF6CEE6004B105C /* Supporting Files */ = {
			isa = PBXGroup;
			children = (
				91ECBE321CF6CEE6004B105C /* main.m */,
			);
			name = "Supporting Files";
			sourceTree = "<group>";
		};
		91ECBE4D1CF6CEE6004B105C /* LZCoreDataTests */ = {
			isa = PBXGroup;
			children = (
				91ECBE4E1CF6CEE6004B105C /* LZCoreDataTests.m */,
				91ECBE501CF6CEE6004B105C /* Info.plist */,
			);
			path = LZCoreDataTests;
			sourceTree = "<group>";
		};
		91ECBE581CF6CEE6004B105C /* LZCoreDataUITests */ = {
			isa = PBXGroup;
			children = (
				91ECBE591CF6CEE6004B105C /* LZCoreDataUITests.m */,
				91ECBE5B1CF6CEE6004B105C /* Info.plist */,
			);
			path = LZCoreDataUITests;
			sourceTree = "<group>";
		};
/* End PBXGroup section */

/* Begin PBXNativeTarget section */
		91ECBE2D1CF6CEE6004B105C /* LZCoreData */ = {
			isa = PBXNativeTarget;
			buildConfigurationList = 91ECBE5E1CF6CEE6004B105C /* Build configuration list for PBXNativeTarget "LZCoreData" */;
			buildPhases = (
				91ECBE2A1CF6CEE6004B105C /* Sources */,
				91ECBE2B1CF6CEE6004B105C /* Frameworks */,
				91ECBE2C1CF6CEE6004B105C /* Resources */,
			);
			buildRules = (
			);
			dependencies = (
			);
			name = LZCoreData;
			productName = LZCoreData;
			productReference = 91ECBE2E1CF6CEE6004B105C /* LZCoreData.app */;
			productType = "com.apple.product-type.application";
		};
		91ECBE491CF6CEE6004B105C /* LZCoreDataTests */ = {
			isa = PBXNativeTarget;
			buildConfigurationList = 91ECBE611CF6CEE6004B105C /* Build configuration list for PBXNativeTarget "LZCoreDataTests" */;
			buildPhases = (
				91ECBE461CF6CEE6004B105C /* Sources */,
				91ECBE471CF6CEE6004B105C /* Frameworks */,
				91ECBE481CF6CEE6004B105C /* Resources */,
			);
			buildRules = (
			);
			dependencies = (
				91ECBE4C1CF6CEE6004B105C /* PBXTargetDependency */,
			);
			name = LZCoreDataTests;
			productName = LZCoreDataTests;
			productReference = 91ECBE4A1CF6CEE6004B105C /* LZCoreDataTests.xctest */;
			productType = "com.apple.product-type.bundle.unit-test";
		};
		91ECBE541CF6CEE6004B105C /* LZCoreDataUITests */ = {
			isa = PBXNativeTarget;
			buildConfigurationList = 91ECBE641CF6CEE6004B105C /* Build configuration list for PBXNativeTarget "LZCoreDataUITests" */;
			buildPhases = (
				91ECBE511CF6CEE6004B105C /* Sources */,
				91ECBE521CF6CEE6004B105C /* Frameworks */,
				91ECBE531CF6CEE6004B105C /* Resources */,
			);
			buildRules = (
			);
			dependencies = (
				91ECBE571CF6CEE6004B105C /* PBXTargetDependency */,
			);
			name = LZCoreDataUITests;
			productName = LZCoreDataUITests;
			productReference = 91ECBE551CF6CEE6004B105C /* LZCoreDataUITests.xctest */;
			productType = "com.apple.product-type.bundle.ui-testing";
		};
/* End PBXNativeTarget section */

/* Begin PBXProject section */
		91ECBE261CF6CEE6004B105C /* Project object */ = {
			isa = PBXProject;
			attributes = {
				LastUpgradeCheck = 0730;
				ORGANIZATIONNAME = Artup;
				TargetAttributes = {
					91ECBE2D1CF6CEE6004B105C = {
						CreatedOnToolsVersion = 7.3;
					};
					91ECBE491CF6CEE6004B105C = {
						CreatedOnToolsVersion = 7.3;
						TestTargetID = 91ECBE2D1CF6CEE6004B105C;
					};
					91ECBE541CF6CEE6004B105C = {
						CreatedOnToolsVersion = 7.3;
						TestTargetID = 91ECBE2D1CF6CEE6004B105C;
					};
				};
			};
			buildConfigurationList = 91ECBE291CF6CEE6004B105C /* Build configuration list for PBXProject "LZCoreData" */;
			compatibilityVersion = "Xcode 3.2";
			developmentRegion = English;
			hasScannedForEncodings = 0;
			knownRegions = (
				en,
				Base,
			);
			mainGroup = 91ECBE251CF6CEE6004B105C;
			productRefGroup = 91ECBE2F1CF6CEE6004B105C /* Products */;
			projectDirPath = "";
			projectRoot = "";
			targets = (
				91ECBE2D1CF6CEE6004B105C /* LZCoreData */,
				91ECBE491CF6CEE6004B105C /* LZCoreDataTests */,
				91ECBE541CF6CEE6004B105C /* LZCoreDataUITests */,
			);
		};
/* End PBXProject section */

/* Begin PBXResourcesBuildPhase section */
		91ECBE2C1CF6CEE6004B105C /* Resources */ = {
			isa = PBXResourcesBuildPhase;
			buildActionMask = 2147483647;
			files = (
				91ECBE441CF6CEE6004B105C /* LaunchScreen.storyboard in Resources */,
				91ECBE411CF6CEE6004B105C /* Assets.xcassets in Resources */,
				91ECBE3C1CF6CEE6004B105C /* Main.storyboard in Resources */,
			);
			runOnlyForDeploymentPostprocessing = 0;
		};
		91ECBE481CF6CEE6004B105C /* Resources */ = {
			isa = PBXResourcesBuildPhase;
			buildActionMask = 2147483647;
			files = (
			);
			runOnlyForDeploymentPostprocessing = 0;
		};
		91ECBE531CF6CEE6004B105C /* Resources */ = {
			isa = PBXResourcesBuildPhase;
			buildActionMask = 2147483647;
			files = (
			);
			runOnlyForDeploymentPostprocessing = 0;
		};
/* End PBXResourcesBuildPhase section */

/* Begin PBXSourcesBuildPhase section */
		91ECBE2A1CF6CEE6004B105C /* Sources */ = {
			isa = PBXSourcesBuildPhase;
			buildActionMask = 2147483647;
			files = (
				91ECBE3F1CF6CEE6004B105C /* LZCoreData.xcdatamodeld in Sources */,
				91ECBE391CF6CEE6004B105C /* ViewController.m in Sources */,
				91ECBE361CF6CEE6004B105C /* AppDelegate.m in Sources */,
				91ECBE741CF6E36E004B105C /* ManEntity+CoreDataProperties.m in Sources */,
				91ECBE731CF6E36E004B105C /* PeopleEntity.m in Sources */,
				91ECBE331CF6CEE6004B105C /* main.m in Sources */,
				91ECBE721CF6E36E004B105C /* PeopleEntity+CoreDataProperties.m in Sources */,
				91ECBE751CF6E36E004B105C /* ManEntity.m in Sources */,
			);
			runOnlyForDeploymentPostprocessing = 0;
		};
		91ECBE461CF6CEE6004B105C /* Sources */ = {
			isa = PBXSourcesBuildPhase;
			buildActionMask = 2147483647;
			files = (
				91ECBE4F1CF6CEE6004B105C /* LZCoreDataTests.m in Sources */,
			);
			runOnlyForDeploymentPostprocessing = 0;
		};
		91ECBE511CF6CEE6004B105C /* Sources */ = {
			isa = PBXSourcesBuildPhase;
			buildActionMask = 2147483647;
			files = (
				91ECBE5A1CF6CEE6004B105C /* LZCoreDataUITests.m in Sources */,
			);
			runOnlyForDeploymentPostprocessing = 0;
		};
/* End PBXSourcesBuildPhase section */

/* Begin PBXTargetDependency section */
		91ECBE4C1CF6CEE6004B105C /* PBXTargetDependency */ = {
			isa = PBXTargetDependency;
			target = 91ECBE2D1CF6CEE6004B105C /* LZCoreData */;
			targetProxy = 91ECBE4B1CF6CEE6004B105C /* PBXContainerItemProxy */;
		};
		91ECBE571CF6CEE6004B105C /* PBXTargetDependency */ = {
			isa = PBXTargetDependency;
			target = 91ECBE2D1CF6CEE6004B105C /* LZCoreData */;
			targetProxy = 91ECBE561CF6CEE6004B105C /* PBXContainerItemProxy */;
		};
/* End PBXTargetDependency section */

/* Begin PBXVariantGroup section */
		91ECBE3A1CF6CEE6004B105C /* Main.storyboard */ = {
			isa = PBXVariantGroup;
			children = (
				91ECBE3B1CF6CEE6004B105C /* Base */,
			);
			name = Main.storyboard;
			sourceTree = "<group>";
		};
		91ECBE421CF6CEE6004B105C /* LaunchScreen.storyboard */ = {
			isa = PBXVariantGroup;
			children = (
				91ECBE431CF6CEE6004B105C /* Base */,
			);
			name = LaunchScreen.storyboard;
			sourceTree = "<group>";
		};
/* End PBXVariantGroup section */

/* Begin XCBuildConfiguration section */
		91ECBE5C1CF6CEE6004B105C /* Debug */ = {
			isa = XCBuildConfiguration;
			buildSettings = {
				ALWAYS_SEARCH_USER_PATHS = NO;
				CLANG_ANALYZER_NONNULL = YES;
				CLANG_CXX_LANGUAGE_STANDARD = "gnu++0x";
				CLANG_CXX_LIBRARY = "libc++";
				CLANG_ENABLE_MODULES = YES;
				CLANG_ENABLE_OBJC_ARC = YES;
				CLANG_WARN_BOOL_CONVERSION = YES;
				CLANG_WARN_CONSTANT_CONVERSION = YES;
				CLANG_WARN_DIRECT_OBJC_ISA_USAGE = YES_ERROR;
				CLANG_WARN_EMPTY_BODY = YES;
				CLANG_WARN_ENUM_CONVERSION = YES;
				CLANG_WARN_INT_CONVERSION = YES;
				CLANG_WARN_OBJC_ROOT_CLASS = YES_ERROR;
				CLANG_WARN_UNREACHABLE_CODE = YES;
				CLANG_WARN__DUPLICATE_METHOD_MATCH = YES;
				"CODE_SIGN_IDENTITY[sdk=iphoneos*]" = "iPhone Developer";
				COPY_PHASE_STRIP = NO;
				DEBUG_INFORMATION_FORMAT = dwarf;
				ENABLE_STRICT_OBJC_MSGSEND = YES;
				ENABLE_TESTABILITY = YES;
				GCC_C_LANGUAGE_STANDARD = gnu99;
				GCC_DYNAMIC_NO_PIC = NO;
				GCC_NO_COMMON_BLOCKS = YES;
				GCC_OPTIMIZATION_LEVEL = 0;
				GCC_PREPROCESSOR_DEFINITIONS = (
					"DEBUG=1",
					"$(inherited)",
				);
				GCC_WARN_64_TO_32_BIT_CONVERSION = YES;
				GCC_WARN_ABOUT_RETURN_TYPE = YES_ERROR;
				GCC_WARN_UNDECLARED_SELECTOR = YES;
				GCC_WARN_UNINITIALIZED_AUTOS = YES_AGGRESSIVE;
				GCC_WARN_UNUSED_FUNCTION = YES;
				GCC_WARN_UNUSED_VARIABLE = YES;
				IPHONEOS_DEPLOYMENT_TARGET = 9.3;
				MTL_ENABLE_DEBUG_INFO = YES;
				ONLY_ACTIVE_ARCH = YES;
				SDKROOT = iphoneos;
				TARGETED_DEVICE_FAMILY = "1,2";
			};
			name = Debug;
		};
		91ECBE5D1CF6CEE6004B105C /* Release */ = {
			isa = XCBuildConfiguration;
			buildSettings = {
				ALWAYS_SEARCH_USER_PATHS = NO;
				CLANG_ANALYZER_NONNULL = YES;
				CLANG_CXX_LANGUAGE_STANDARD = "gnu++0x";
				CLANG_CXX_LIBRARY = "libc++";
				CLANG_ENABLE_MODULES = YES;
				CLANG_ENABLE_OBJC_ARC = YES;
				CLANG_WARN_BOOL_CONVERSION = YES;
				CLANG_WARN_CONSTANT_CONVERSION = YES;
				CLANG_WARN_DIRECT_OBJC_ISA_USAGE = YES_ERROR;
				CLANG_WARN_EMPTY_BODY = YES;
				CLANG_WARN_ENUM_CONVERSION = YES;
				CLANG_WARN_INT_CONVERSION = YES;
				CLANG_WARN_OBJC_ROOT_CLASS = YES_ERROR;
				CLANG_WARN_UNREACHABLE_CODE = YES;
				CLANG_WARN__DUPLICATE_METHOD_MATCH = YES;
				"CODE_SIGN_IDENTITY[sdk=iphoneos*]" = "iPhone Developer";
				COPY_PHASE_STRIP = NO;
				DEBUG_INFORMATION_FORMAT = "dwarf-with-dsym";
				ENABLE_NS_ASSERTIONS = NO;
				ENABLE_STRICT_OBJC_MSGSEND = YES;
				GCC_C_LANGUAGE_STANDARD = gnu99;
				GCC_NO_COMMON_BLOCKS = YES;
				GCC_WARN_64_TO_32_BIT_CONVERSION = YES;
				GCC_WARN_ABOUT_RETURN_TYPE = YES_ERROR;
				GCC_WARN_UNDECLARED_SELECTOR = YES;
				GCC_WARN_UNINITIALIZED_AUTOS = YES_AGGRESSIVE;
				GCC_WARN_UNUSED_FUNCTION = YES;
				GCC_WARN_UNUSED_VARIABLE = YES;
				IPHONEOS_DEPLOYMENT_TARGET = 9.3;
				MTL_ENABLE_DEBUG_INFO = NO;
				SDKROOT = iphoneos;
				TARGETED_DEVICE_FAMILY = "1,2";
				VALIDATE_PRODUCT = YES;
			};
			name = Release;
		};
		91ECBE5F1CF6CEE6004B105C /* Debug */ = {
			isa = XCBuildConfiguration;
			buildSettings = {
				ASSETCATALOG_COMPILER_APPICON_NAME = AppIcon;
				INFOPLIST_FILE = LZCoreData/Info.plist;
				LD_RUNPATH_SEARCH_PATHS = "$(inherited) @executable_path/Frameworks";
				PRODUCT_BUNDLE_IDENTIFIER = com.artup.LZCoreData;
				PRODUCT_NAME = "$(TARGET_NAME)";
			};
			name = Debug;
		};
		91ECBE601CF6CEE6004B105C /* Release */ = {
			isa = XCBuildConfiguration;
			buildSettings = {
				ASSETCATALOG_COMPILER_APPICON_NAME = AppIcon;
				INFOPLIST_FILE = LZCoreData/Info.plist;
				LD_RUNPATH_SEARCH_PATHS = "$(inherited) @executable_path/Frameworks";
				PRODUCT_BUNDLE_IDENTIFIER = com.artup.LZCoreData;
				PRODUCT_NAME = "$(TARGET_NAME)";
			};
			name = Release;
		};
		91ECBE621CF6CEE6004B105C /* Debug */ = {
			isa = XCBuildConfiguration;
			buildSettings = {
				BUNDLE_LOADER = "$(TEST_HOST)";
				INFOPLIST_FILE = LZCoreDataTests/Info.plist;
				LD_RUNPATH_SEARCH_PATHS = "$(inherited) @executable_path/Frameworks @loader_path/Frameworks";
				PRODUCT_BUNDLE_IDENTIFIER = com.artup.LZCoreDataTests;
				PRODUCT_NAME = "$(TARGET_NAME)";
				TEST_HOST = "$(BUILT_PRODUCTS_DIR)/LZCoreData.app/LZCoreData";
			};
			name = Debug;
		};
		91ECBE631CF6CEE6004B105C /* Release */ = {
			isa = XCBuildConfiguration;
			buildSettings = {
				BUNDLE_LOADER = "$(TEST_HOST)";
				INFOPLIST_FILE = LZCoreDataTests/Info.plist;
				LD_RUNPATH_SEARCH_PATHS = "$(inherited) @executable_path/Frameworks @loader_path/Frameworks";
				PRODUCT_BUNDLE_IDENTIFIER = com.artup.LZCoreDataTests;
				PRODUCT_NAME = "$(TARGET_NAME)";
				TEST_HOST = "$(BUILT_PRODUCTS_DIR)/LZCoreData.app/LZCoreData";
			};
			name = Release;
		};
		91ECBE651CF6CEE6004B105C /* Debug */ = {
			isa = XCBuildConfiguration;
			buildSettings = {
				INFOPLIST_FILE = LZCoreDataUITests/Info.plist;
				LD_RUNPATH_SEARCH_PATHS = "$(inherited) @executable_path/Frameworks @loader_path/Frameworks";
				PRODUCT_BUNDLE_IDENTIFIER = com.artup.LZCoreDataUITests;
				PRODUCT_NAME = "$(TARGET_NAME)";
				TEST_TARGET_NAME = LZCoreData;
			};
			name = Debug;
		};
		91ECBE661CF6CEE6004B105C /* Release */ = {
			isa = XCBuildConfiguration;
			buildSettings = {
				INFOPLIST_FILE = LZCoreDataUITests/Info.plist;
				LD_RUNPATH_SEARCH_PATHS = "$(inherited) @executable_path/Frameworks @loader_path/Frameworks";
				PRODUCT_BUNDLE_IDENTIFIER = com.artup.LZCoreDataUITests;
				PRODUCT_NAME = "$(TARGET_NAME)";
				TEST_TARGET_NAME = LZCoreData;
			};
			name = Release;
		};
/* End XCBuildConfiguration section */

/* Begin XCConfigurationList section */
		91ECBE291CF6CEE6004B105C /* Build configuration list for PBXProject "LZCoreData" */ = {
			isa = XCConfigurationList;
			buildConfigurations = (
				91ECBE5C1CF6CEE6004B105C /* Debug */,
				91ECBE5D1CF6CEE6004B105C /* Release */,
			);
			defaultConfigurationIsVisible = 0;
			defaultConfigurationName = Release;
		};
		91ECBE5E1CF6CEE6004B105C /* Build configuration list for PBXNativeTarget "LZCoreData" */ = {
			isa = XCConfigurationList;
			buildConfigurations = (
				91ECBE5F1CF6CEE6004B105C /* Debug */,
				91ECBE601CF6CEE6004B105C /* Release */,
			);
			defaultConfigurationIsVisible = 0;
		};
		91ECBE611CF6CEE6004B105C /* Build configuration list for PBXNativeTarget "LZCoreDataTests" */ = {
			isa = XCConfigurationList;
			buildConfigurations = (
				91ECBE621CF6CEE6004B105C /* Debug */,
				91ECBE631CF6CEE6004B105C /* Release */,
			);
			defaultConfigurationIsVisible = 0;
		};
		91ECBE641CF6CEE6004B105C /* Build configuration list for PBXNativeTarget "LZCoreDataUITests" */ = {
			isa = XCConfigurationList;
			buildConfigurations = (
				91ECBE651CF6CEE6004B105C /* Debug */,
				91ECBE661CF6CEE6004B105C /* Release */,
			);
			defaultConfigurationIsVisible = 0;
		};
/* End XCConfigurationList section */

/* Begin XCVersionGroup section */
		91ECBE3D1CF6CEE6004B105C /* LZCoreData.xcdatamodeld */ = {
			isa = XCVersionGroup;
			children = (
				91ECBE3E1CF6CEE6004B105C /* LZCoreData.xcdatamodel */,
			);
			currentVersion = 91ECBE3E1CF6CEE6004B105C /* LZCoreData.xcdatamodel */;
			path = LZCoreData.xcdatamodeld;
			sourceTree = "<group>";
			versionGroupType = wrapper.xcdatamodel;
		};
/* End XCVersionGroup section */
	};
	rootObject = 91ECBE261CF6CEE6004B105C /* Project object */;
}
