// !$*UTF8*$!
{
	archiveVersion = 1;
	classes = {
	};
	objectVersion = 46;
	objects = {

/* Begin PBXBuildFile section */
		91ADA01F1F09D405008AACDD /* AppDelegate.swift in Sources */ = {isa = PBXBuildFile; fileRef = 91ADA01E1F09D405008AACDD /* AppDelegate.swift */; };
		91ADA0211F09D405008AACDD /* ViewController.swift in Sources */ = {isa = PBXBuildFile; fileRef = 91ADA0201F09D405008AACDD /* ViewController.swift */; };
		91ADA0241F09D405008AACDD /* Main.storyboard in Resources */ = {isa = PBXBuildFile; fileRef = 91ADA0221F09D405008AACDD /* Main.storyboard */; };
		91ADA0261F09D405008AACDD /* Assets.xcassets in Resources */ = {isa = PBXBuildFile; fileRef = 91ADA0251F09D405008AACDD /* Assets.xcassets */; };
		91ADA0291F09D405008AACDD /* LaunchScreen.storyboard in Resources */ = {isa = PBXBuildFile; fileRef = 91ADA0271F09D405008AACDD /* LaunchScreen.storyboard */; };
		91ADA0341F09D405008AACDD /* LDCoreDataTool2_SwiftUITests.swift in Sources */ = {isa = PBXBuildFile; fileRef = 91ADA0331F09D405008AACDD /* LDCoreDataTool2_SwiftUITests.swift */; };
		91ADA03F1F09D420008AACDD /* LQCoreData.swift in Sources */ = {isa = PBXBuildFile; fileRef = 91ADA03E1F09D420008AACDD /* LQCoreData.swift */; };
		91ADA0421F09D439008AACDD /* LDCoreDataModel.xcdatamodeld in Sources */ = {isa = PBXBuildFile; fileRef = 91ADA0401F09D439008AACDD /* LDCoreDataModel.xcdatamodeld */; };
		91ADA04F1F09D7D8008AACDD /* ManEntity+CoreDataClass.swift in Sources */ = {isa = PBXBuildFile; fileRef = 91ADA04B1F09D7D8008AACDD /* ManEntity+CoreDataClass.swift */; };
		91ADA0501F09D7D8008AACDD /* ManEntity+CoreDataProperties.swift in Sources */ = {isa = PBXBuildFile; fileRef = 91ADA04C1F09D7D8008AACDD /* ManEntity+CoreDataProperties.swift */; };
		91ADA0511F09D7D8008AACDD /* PeopleEntity+CoreDataClass.swift in Sources */ = {isa = PBXBuildFile; fileRef = 91ADA04D1F09D7D8008AACDD /* PeopleEntity+CoreDataClass.swift */; };
		91ADA0521F09D7D8008AACDD /* PeopleEntity+CoreDataProperties.swift in Sources */ = {isa = PBXBuildFile; fileRef = 91ADA04E1F09D7D8008AACDD /* PeopleEntity+CoreDataProperties.swift */; };
/* End PBXBuildFile section */

/* Begin PBXContainerItemProxy section */
		91ADA0301F09D405008AACDD /* PBXContainerItemProxy */ = {
			isa = PBXContainerItemProxy;
			containerPortal = 91ADA0131F09D405008AACDD /* Project object */;
			proxyType = 1;
			remoteGlobalIDString = 91ADA01A1F09D405008AACDD;
			remoteInfo = "LDCoreDataTool2-Swift";
		};
/* End PBXContainerItemProxy section */

/* Begin PBXFileReference section */
		91ADA01B1F09D405008AACDD /* LDCoreDataTool2-Swift.app */ = {isa = PBXFileReference; explicitFileType = wrapper.application; includeInIndex = 0; path = "LDCoreDataTool2-Swift.app"; sourceTree = BUILT_PRODUCTS_DIR; };
		91ADA01E1F09D405008AACDD /* AppDelegate.swift */ = {isa = PBXFileReference; lastKnownFileType = sourcecode.swift; path = AppDelegate.swift; sourceTree = "<group>"; };
		91ADA0201F09D405008AACDD /* ViewController.swift */ = {isa = PBXFileReference; lastKnownFileType = sourcecode.swift; path = ViewController.swift; sourceTree = "<group>"; };
		91ADA0231F09D405008AACDD /* Base */ = {isa = PBXFileReference; lastKnownFileType = file.storyboard; name = Base; path = Base.lproj/Main.storyboard; sourceTree = "<group>"; };
		91ADA0251F09D405008AACDD /* Assets.xcassets */ = {isa = PBXFileReference; lastKnownFileType = folder.assetcatalog; path = Assets.xcassets; sourceTree = "<group>"; };
		91ADA0281F09D405008AACDD /* Base */ = {isa = PBXFileReference; lastKnownFileType = file.storyboard; name = Base; path = Base.lproj/LaunchScreen.storyboard; sourceTree = "<group>"; };
		91ADA02A1F09D405008AACDD /* Info.plist */ = {isa = PBXFileReference; lastKnownFileType = text.plist.xml; path = Info.plist; sourceTree = "<group>"; };
		91ADA02F1F09D405008AACDD /* LDCoreDataTool2-SwiftUITests.xctest */ = {isa = PBXFileReference; explicitFileType = wrapper.cfbundle; includeInIndex = 0; path = "LDCoreDataTool2-SwiftUITests.xctest"; sourceTree = BUILT_PRODUCTS_DIR; };
		91ADA0331F09D405008AACDD /* LDCoreDataTool2_SwiftUITests.swift */ = {isa = PBXFileReference; lastKnownFileType = sourcecode.swift; path = LDCoreDataTool2_SwiftUITests.swift; sourceTree = "<group>"; };
		91ADA0351F09D405008AACDD /* Info.plist */ = {isa = PBXFileReference; lastKnownFileType = text.plist.xml; path = Info.plist; sourceTree = "<group>"; };
		91ADA03E1F09D420008AACDD /* LQCoreData.swift */ = {isa = PBXFileReference; fileEncoding = 4; lastKnownFileType = sourcecode.swift; path = LQCoreData.swift; sourceTree = "<group>"; };
		91ADA0411F09D439008AACDD /* LDCoreDataModel.xcdatamodel */ = {isa = PBXFileReference; lastKnownFileType = wrapper.xcdatamodel; path = LDCoreDataModel.xcdatamodel; sourceTree = "<group>"; };
		91ADA04B1F09D7D8008AACDD /* ManEntity+CoreDataClass.swift */ = {isa = PBXFileReference; fileEncoding = 4; lastKnownFileType = sourcecode.swift; path = "ManEntity+CoreDataClass.swift"; sourceTree = "<group>"; };
		91ADA04C1F09D7D8008AACDD /* ManEntity+CoreDataProperties.swift */ = {isa = PBXFileReference; fileEncoding = 4; lastKnownFileType = sourcecode.swift; path = "ManEntity+CoreDataProperties.swift"; sourceTree = "<group>"; };
		91ADA04D1F09D7D8008AACDD /* PeopleEntity+CoreDataClass.swift */ = {isa = PBXFileReference; fileEncoding = 4; lastKnownFileType = sourcecode.swift; path = "PeopleEntity+CoreDataClass.swift"; sourceTree = "<group>"; };
		91ADA04E1F09D7D8008AACDD /* PeopleEntity+CoreDataProperties.swift */ = {isa = PBXFileReference; fileEncoding = 4; lastKnownFileType = sourcecode.swift; path = "PeopleEntity+CoreDataProperties.swift"; sourceTree = "<group>"; };
/* End PBXFileReference section */

/* Begin PBXFrameworksBuildPhase section */
		91ADA0181F09D405008AACDD /* Frameworks */ = {
			isa = PBXFrameworksBuildPhase;
			buildActionMask = 2147483647;
			files = (
			);
			runOnlyForDeploymentPostprocessing = 0;
		};
		91ADA02C1F09D405008AACDD /* Frameworks */ = {
			isa = PBXFrameworksBuildPhase;
			buildActionMask = 2147483647;
			files = (
			);
			runOnlyForDeploymentPostprocessing = 0;
		};
/* End PBXFrameworksBuildPhase section */

/* Begin PBXGroup section */
		91ADA0121F09D405008AACDD = {
			isa = PBXGroup;
			children = (
				91ADA04B1F09D7D8008AACDD /* ManEntity+CoreDataClass.swift */,
				91ADA04C1F09D7D8008AACDD /* ManEntity+CoreDataProperties.swift */,
				91ADA04D1F09D7D8008AACDD /* PeopleEntity+CoreDataClass.swift */,
				91ADA04E1F09D7D8008AACDD /* PeopleEntity+CoreDataProperties.swift */,
				91ADA01D1F09D405008AACDD /* LDCoreDataTool2-Swift */,
				91ADA0321F09D405008AACDD /* LDCoreDataTool2-SwiftUITests */,
				91ADA01C1F09D405008AACDD /* Products */,
			);
			sourceTree = "<group>";
		};
		91ADA01C1F09D405008AACDD /* Products */ = {
			isa = PBXGroup;
			children = (
				91ADA01B1F09D405008AACDD /* LDCoreDataTool2-Swift.app */,
				91ADA02F1F09D405008AACDD /* LDCoreDataTool2-SwiftUITests.xctest */,
			);
			name = Products;
			sourceTree = "<group>";
		};
		91ADA01D1F09D405008AACDD /* LDCoreDataTool2-Swift */ = {
			isa = PBXGroup;
			children = (
				91ADA03E1F09D420008AACDD /* LQCoreData.swift */,
				91ADA01E1F09D405008AACDD /* AppDelegate.swift */,
				91ADA0201F09D405008AACDD /* ViewController.swift */,
				91ADA0221F09D405008AACDD /* Main.storyboard */,
				91ADA0251F09D405008AACDD /* Assets.xcassets */,
				91ADA0271F09D405008AACDD /* LaunchScreen.storyboard */,
				91ADA0401F09D439008AACDD /* LDCoreDataModel.xcdatamodeld */,
				91ADA02A1F09D405008AACDD /* Info.plist */,
			);
			path = "LDCoreDataTool2-Swift";
			sourceTree = "<group>";
		};
		91ADA0321F09D405008AACDD /* LDCoreDataTool2-SwiftUITests */ = {
			isa = PBXGroup;
			children = (
				91ADA0331F09D405008AACDD /* LDCoreDataTool2_SwiftUITests.swift */,
				91ADA0351F09D405008AACDD /* Info.plist */,
			);
			path = "LDCoreDataTool2-SwiftUITests";
			sourceTree = "<group>";
		};
/* End PBXGroup section */

/* Begin PBXNativeTarget section */
		91ADA01A1F09D405008AACDD /* LDCoreDataTool2-Swift */ = {
			isa = PBXNativeTarget;
			buildConfigurationList = 91ADA0381F09D405008AACDD /* Build configuration list for PBXNativeTarget "LDCoreDataTool2-Swift" */;
			buildPhases = (
				91ADA0171F09D405008AACDD /* Sources */,
				91ADA0181F09D405008AACDD /* Frameworks */,
				91ADA0191F09D405008AACDD /* Resources */,
			);
			buildRules = (
			);
			dependencies = (
			);
			name = "LDCoreDataTool2-Swift";
			productName = "LDCoreDataTool2-Swift";
			productReference = 91ADA01B1F09D405008AACDD /* LDCoreDataTool2-Swift.app */;
			productType = "com.apple.product-type.application";
		};
		91ADA02E1F09D405008AACDD /* LDCoreDataTool2-SwiftUITests */ = {
			isa = PBXNativeTarget;
			buildConfigurationList = 91ADA03B1F09D405008AACDD /* Build configuration list for PBXNativeTarget "LDCoreDataTool2-SwiftUITests" */;
			buildPhases = (
				91ADA02B1F09D405008AACDD /* Sources */,
				91ADA02C1F09D405008AACDD /* Frameworks */,
				91ADA02D1F09D405008AACDD /* Resources */,
			);
			buildRules = (
			);
			dependencies = (
				91ADA0311F09D405008AACDD /* PBXTargetDependency */,
			);
			name = "LDCoreDataTool2-SwiftUITests";
			productName = "LDCoreDataTool2-SwiftUITests";
			productReference = 91ADA02F1F09D405008AACDD /* LDCoreDataTool2-SwiftUITests.xctest */;
			productType = "com.apple.product-type.bundle.ui-testing";
		};
/* End PBXNativeTarget section */

/* Begin PBXProject section */
		91ADA0131F09D405008AACDD /* Project object */ = {
			isa = PBXProject;
			attributes = {
				LastSwiftUpdateCheck = 0830;
				LastUpgradeCheck = 0830;
				ORGANIZATIONNAME = Artup;
				TargetAttributes = {
					91ADA01A1F09D405008AACDD = {
						CreatedOnToolsVersion = 8.3.2;
						ProvisioningStyle = Automatic;
					};
					91ADA02E1F09D405008AACDD = {
						CreatedOnToolsVersion = 8.3.2;
						ProvisioningStyle = Automatic;
						TestTargetID = 91ADA01A1F09D405008AACDD;
					};
				};
			};
			buildConfigurationList = 91ADA0161F09D405008AACDD /* Build configuration list for PBXProject "LDCoreDataTool2-Swift" */;
			compatibilityVersion = "Xcode 3.2";
			developmentRegion = English;
			hasScannedForEncodings = 0;
			knownRegions = (
				en,
				Base,
			);
			mainGroup = 91ADA0121F09D405008AACDD;
			productRefGroup = 91ADA01C1F09D405008AACDD /* Products */;
			projectDirPath = "";
			projectRoot = "";
			targets = (
				91ADA01A1F09D405008AACDD /* LDCoreDataTool2-Swift */,
				91ADA02E1F09D405008AACDD /* LDCoreDataTool2-SwiftUITests */,
			);
		};
/* End PBXProject section */

/* Begin PBXResourcesBuildPhase section */
		91ADA0191F09D405008AACDD /* Resources */ = {
			isa = PBXResourcesBuildPhase;
			buildActionMask = 2147483647;
			files = (
				91ADA0291F09D405008AACDD /* LaunchScreen.storyboard in Resources */,
				91ADA0261F09D405008AACDD /* Assets.xcassets in Resources */,
				91ADA0241F09D405008AACDD /* Main.storyboard in Resources */,
			);
			runOnlyForDeploymentPostprocessing = 0;
		};
		91ADA02D1F09D405008AACDD /* Resources */ = {
			isa = PBXResourcesBuildPhase;
			buildActionMask = 2147483647;
			files = (
			);
			runOnlyForDeploymentPostprocessing = 0;
		};
/* End PBXResourcesBuildPhase section */

/* Begin PBXSourcesBuildPhase section */
		91ADA0171F09D405008AACDD /* Sources */ = {
			isa = PBXSourcesBuildPhase;
			buildActionMask = 2147483647;
			files = (
				91ADA0211F09D405008AACDD /* ViewController.swift in Sources */,
				91ADA03F1F09D420008AACDD /* LQCoreData.swift in Sources */,
				91ADA0511F09D7D8008AACDD /* PeopleEntity+CoreDataClass.swift in Sources */,
				91ADA01F1F09D405008AACDD /* AppDelegate.swift in Sources */,
				91ADA0421F09D439008AACDD /* LDCoreDataModel.xcdatamodeld in Sources */,
				91ADA0521F09D7D8008AACDD /* PeopleEntity+CoreDataProperties.swift in Sources */,
				91ADA04F1F09D7D8008AACDD /* ManEntity+CoreDataClass.swift in Sources */,
				91ADA0501F09D7D8008AACDD /* ManEntity+CoreDataProperties.swift in Sources */,
			);
			runOnlyForDeploymentPostprocessing = 0;
		};
		91ADA02B1F09D405008AACDD /* Sources */ = {
			isa = PBXSourcesBuildPhase;
			buildActionMask = 2147483647;
			files = (
				91ADA0341F09D405008AACDD /* LDCoreDataTool2_SwiftUITests.swift in Sources */,
			);
			runOnlyForDeploymentPostprocessing = 0;
		};
/* End PBXSourcesBuildPhase section */

/* Begin PBXTargetDependency section */
		91ADA0311F09D405008AACDD /* PBXTargetDependency */ = {
			isa = PBXTargetDependency;
			target = 91ADA01A1F09D405008AACDD /* LDCoreDataTool2-Swift */;
			targetProxy = 91ADA0301F09D405008AACDD /* PBXContainerItemProxy */;
		};
/* End PBXTargetDependency section */

/* Begin PBXVariantGroup section */
		91ADA0221F09D405008AACDD /* Main.storyboard */ = {
			isa = PBXVariantGroup;
			children = (
				91ADA0231F09D405008AACDD /* Base */,
			);
			name = Main.storyboard;
			sourceTree = "<group>";
		};
		91ADA0271F09D405008AACDD /* LaunchScreen.storyboard */ = {
			isa = PBXVariantGroup;
			children = (
				91ADA0281F09D405008AACDD /* Base */,
			);
			name = LaunchScreen.storyboard;
			sourceTree = "<group>";
		};
/* End PBXVariantGroup section */

/* Begin XCBuildConfiguration section */
		91ADA0361F09D405008AACDD /* Debug */ = {
			isa = XCBuildConfiguration;
			buildSettings = {
				ALWAYS_SEARCH_USER_PATHS = NO;
				CLANG_ANALYZER_NONNULL = YES;
				CLANG_ANALYZER_NUMBER_OBJECT_CONVERSION = YES_AGGRESSIVE;
				CLANG_CXX_LANGUAGE_STANDARD = "gnu++0x";
				CLANG_CXX_LIBRARY = "libc++";
				CLANG_ENABLE_MODULES = YES;
				CLANG_ENABLE_OBJC_ARC = YES;
				CLANG_WARN_BOOL_CONVERSION = YES;
				CLANG_WARN_CONSTANT_CONVERSION = YES;
				CLANG_WARN_DIRECT_OBJC_ISA_USAGE = YES_ERROR;
				CLANG_WARN_DOCUMENTATION_COMMENTS = YES;
				CLANG_WARN_EMPTY_BODY = YES;
				CLANG_WARN_ENUM_CONVERSION = YES;
				CLANG_WARN_INFINITE_RECURSION = YES;
				CLANG_WARN_INT_CONVERSION = YES;
				CLANG_WARN_OBJC_ROOT_CLASS = YES_ERROR;
				CLANG_WARN_SUSPICIOUS_MOVE = YES;
				CLANG_WARN_UNREACHABLE_CODE = YES;
				CLANG_WARN__DUPLICATE_METHOD_MATCH = YES;
				"CODE_SIGN_IDENTITY[sdk=iphoneos*]" = "iPhone Developer";
				COPY_PHASE_STRIP = NO;
				DEBUG_INFORMATION_FORMAT = dwarf;
				ENABLE_STRICT_OBJC_MSGSEND = YES;
				ENABLE_TESTABILITY = YES;
				GCC_C_LANGUAGE_STANDARD = gnu99;
				GCC_DYNAMIC_NO_PIC = NO;
				GCC_NO_COMMON_BLOCKS = YES;
				GCC_OPTIMIZATION_LEVEL = 0;
				GCC_PREPROCESSOR_DEFINITIONS = (
					"DEBUG=1",
					"$(inherited)",
				);
				GCC_WARN_64_TO_32_BIT_CONVERSION = YES;
				GCC_WARN_ABOUT_RETURN_TYPE = YES_ERROR;
				GCC_WARN_UNDECLARED_SELECTOR = YES;
				GCC_WARN_UNINITIALIZED_AUTOS = YES_AGGRESSIVE;
				GCC_WARN_UNUSED_FUNCTION = YES;
				GCC_WARN_UNUSED_VARIABLE = YES;
				IPHONEOS_DEPLOYMENT_TARGET = 10.3;
				MTL_ENABLE_DEBUG_INFO = YES;
				ONLY_ACTIVE_ARCH = YES;
				SDKROOT = iphoneos;
				SWIFT_ACTIVE_COMPILATION_CONDITIONS = DEBUG;
				SWIFT_OPTIMIZATION_LEVEL = "-Onone";
				TARGETED_DEVICE_FAMILY = "1,2";
			};
			name = Debug;
		};
		91ADA0371F09D405008AACDD /* Release */ = {
			isa = XCBuildConfiguration;
			buildSettings = {
				ALWAYS_SEARCH_USER_PATHS = NO;
				CLANG_ANALYZER_NONNULL = YES;
				CLANG_ANALYZER_NUMBER_OBJECT_CONVERSION = YES_AGGRESSIVE;
				CLANG_CXX_LANGUAGE_STANDARD = "gnu++0x";
				CLANG_CXX_LIBRARY = "libc++";
				CLANG_ENABLE_MODULES = YES;
				CLANG_ENABLE_OBJC_ARC = YES;
				CLANG_WARN_BOOL_CONVERSION = YES;
				CLANG_WARN_CONSTANT_CONVERSION = YES;
				CLANG_WARN_DIRECT_OBJC_ISA_USAGE = YES_ERROR;
				CLANG_WARN_DOCUMENTATION_COMMENTS = YES;
				CLANG_WARN_EMPTY_BODY = YES;
				CLANG_WARN_ENUM_CONVERSION = YES;
				CLANG_WARN_INFINITE_RECURSION = YES;
				CLANG_WARN_INT_CONVERSION = YES;
				CLANG_WARN_OBJC_ROOT_CLASS = YES_ERROR;
				CLANG_WARN_SUSPICIOUS_MOVE = YES;
				CLANG_WARN_UNREACHABLE_CODE = YES;
				CLANG_WARN__DUPLICATE_METHOD_MATCH = YES;
				"CODE_SIGN_IDENTITY[sdk=iphoneos*]" = "iPhone Developer";
				COPY_PHASE_STRIP = NO;
				DEBUG_INFORMATION_FORMAT = "dwarf-with-dsym";
				ENABLE_NS_ASSERTIONS = NO;
				ENABLE_STRICT_OBJC_MSGSEND = YES;
				GCC_C_LANGUAGE_STANDARD = gnu99;
				GCC_NO_COMMON_BLOCKS = YES;
				GCC_WARN_64_TO_32_BIT_CONVERSION = YES;
				GCC_WARN_ABOUT_RETURN_TYPE = YES_ERROR;
				GCC_WARN_UNDECLARED_SELECTOR = YES;
				GCC_WARN_UNINITIALIZED_AUTOS = YES_AGGRESSIVE;
				GCC_WARN_UNUSED_FUNCTION = YES;
				GCC_WARN_UNUSED_VARIABLE = YES;
				IPHONEOS_DEPLOYMENT_TARGET = 10.3;
				MTL_ENABLE_DEBUG_INFO = NO;
				SDKROOT = iphoneos;
				SWIFT_OPTIMIZATION_LEVEL = "-Owholemodule";
				TARGETED_DEVICE_FAMILY = "1,2";
				VALIDATE_PRODUCT = YES;
			};
			name = Release;
		};
		91ADA0391F09D405008AACDD /* Debug */ = {
			isa = XCBuildConfiguration;
			buildSettings = {
				ASSETCATALOG_COMPILER_APPICON_NAME = AppIcon;
				INFOPLIST_FILE = "LDCoreDataTool2-Swift/Info.plist";
				LD_RUNPATH_SEARCH_PATHS = "$(inherited) @executable_path/Frameworks";
				PRODUCT_BUNDLE_IDENTIFIER = "net.artron.LDCoreDataTool2-Swift";
				PRODUCT_NAME = "$(TARGET_NAME)";
				SWIFT_VERSION = 4.0;
			};
			name = Debug;
		};
		91ADA03A1F09D405008AACDD /* Release */ = {
			isa = XCBuildConfiguration;
			buildSettings = {
				ASSETCATALOG_COMPILER_APPICON_NAME = AppIcon;
				INFOPLIST_FILE = "LDCoreDataTool2-Swift/Info.plist";
				LD_RUNPATH_SEARCH_PATHS = "$(inherited) @executable_path/Frameworks";
				PRODUCT_BUNDLE_IDENTIFIER = "net.artron.LDCoreDataTool2-Swift";
				PRODUCT_NAME = "$(TARGET_NAME)";
				SWIFT_VERSION = 4.0;
			};
			name = Release;
		};
		91ADA03C1F09D405008AACDD /* Debug */ = {
			isa = XCBuildConfiguration;
			buildSettings = {
				ALWAYS_EMBED_SWIFT_STANDARD_LIBRARIES = YES;
				INFOPLIST_FILE = "LDCoreDataTool2-SwiftUITests/Info.plist";
				LD_RUNPATH_SEARCH_PATHS = "$(inherited) @executable_path/Frameworks @loader_path/Frameworks";
				PRODUCT_BUNDLE_IDENTIFIER = "net.artron.LDCoreDataTool2-SwiftUITests";
				PRODUCT_NAME = "$(TARGET_NAME)";
				SWIFT_VERSION = 3.0;
				TEST_TARGET_NAME = "LDCoreDataTool2-Swift";
			};
			name = Debug;
		};
		91ADA03D1F09D405008AACDD /* Release */ = {
			isa = XCBuildConfiguration;
			buildSettings = {
				ALWAYS_EMBED_SWIFT_STANDARD_LIBRARIES = YES;
				INFOPLIST_FILE = "LDCoreDataTool2-SwiftUITests/Info.plist";
				LD_RUNPATH_SEARCH_PATHS = "$(inherited) @executable_path/Frameworks @loader_path/Frameworks";
				PRODUCT_BUNDLE_IDENTIFIER = "net.artron.LDCoreDataTool2-SwiftUITests";
				PRODUCT_NAME = "$(TARGET_NAME)";
				SWIFT_VERSION = 3.0;
				TEST_TARGET_NAME = "LDCoreDataTool2-Swift";
			};
			name = Release;
		};
/* End XCBuildConfiguration section */

/* Begin XCConfigurationList section */
		91ADA0161F09D405008AACDD /* Build configuration list for PBXProject "LDCoreDataTool2-Swift" */ = {
			isa = XCConfigurationList;
			buildConfigurations = (
				91ADA0361F09D405008AACDD /* Debug */,
				91ADA0371F09D405008AACDD /* Release */,
			);
			defaultConfigurationIsVisible = 0;
			defaultConfigurationName = Release;
		};
		91ADA0381F09D405008AACDD /* Build configuration list for PBXNativeTarget "LDCoreDataTool2-Swift" */ = {
			isa = XCConfigurationList;
			buildConfigurations = (
				91ADA0391F09D405008AACDD /* Debug */,
				91ADA03A1F09D405008AACDD /* Release */,
			);
			defaultConfigurationIsVisible = 0;
			defaultConfigurationName = Release;
		};
		91ADA03B1F09D405008AACDD /* Build configuration list for PBXNativeTarget "LDCoreDataTool2-SwiftUITests" */ = {
			isa = XCConfigurationList;
			buildConfigurations = (
				91ADA03C1F09D405008AACDD /* Debug */,
				91ADA03D1F09D405008AACDD /* Release */,
			);
			defaultConfigurationIsVisible = 0;
			defaultConfigurationName = Release;
		};
/* End XCConfigurationList section */

/* Begin XCVersionGroup section */
		91ADA0401F09D439008AACDD /* LDCoreDataModel.xcdatamodeld */ = {
			isa = XCVersionGroup;
			children = (
				91ADA0411F09D439008AACDD /* LDCoreDataModel.xcdatamodel */,
			);
			currentVersion = 91ADA0411F09D439008AACDD /* LDCoreDataModel.xcdatamodel */;
			path = LDCoreDataModel.xcdatamodeld;
			sourceTree = "<group>";
			versionGroupType = wrapper.xcdatamodel;
		};
/* End XCVersionGroup section */
	};
	rootObject = 91ADA0131F09D405008AACDD /* Project object */;
}
